
Microsoft Visual Studio Solution File, Format Version 12.00
# Visual Studio Version 17
VisualStudioVersion = 17.9.34728.123
MinimumVisualStudioVersion = 10.0.40219.1
Project("{FAE04EC0-301F-11D3-BF4B-00C04F79EFBC}") = "Practica", "Practica\Practica.csproj", "{C8576A04-53A0-40A0-BD90-BD053A5098F3}"
EndProject
Global
	GlobalSection(SolutionConfigurationPlatforms) = preSolution
		Debug|Any CPU = Debug|Any CPU
		Release|Any CPU = Release|Any CPU
	EndGlobalSection
	GlobalSection(ProjectConfigurationPlatforms) = postSolution
		{C8576A04-53A0-40A0-BD90-BD053A5098F3}.Debug|Any CPU.ActiveCfg = Debug|Any CPU
		{C8576A04-53A0-40A0-BD90-BD053A5098F3}.Debug|Any CPU.Build.0 = Debug|Any CPU
		{C8576A04-53A0-40A0-BD90-BD053A5098F3}.Release|Any CPU.ActiveCfg = Release|Any CPU
		{C8576A04-53A0-40A0-BD90-BD053A5098F3}.Release|Any CPU.Build.0 = Release|Any CPU
	EndGlobalSection
	GlobalSection(SolutionProperties) = preSolution
		HideSolutionNode = FALSE
	EndGlobalSection
	GlobalSection(ExtensibilityGlobals) = postSolution
		SolutionGuid = {46EDB14F-DC78-4CF9-B711-0CD8E56B64AE}
	EndGlobalSection
EndGlobal
